# This file is automatically @generated by Cargo.
# It is not intended for manual editing.
version = 3

[[package]]
name = "barebones-x86-linux"
version = "0.1.0"
dependencies = [
 "bitflags",
 "compiler_builtins",
]

[[package]]
name = "bitflags"
version = "1.2.1"
source = "registry+https://github.com/rust-lang/crates.io-index"
checksum = "cf1de2fe8c75bc145a2f577add951f8134889b4795d47466a54a5c846d691693"

[[package]]
name = "compiler_builtins"
version = "0.1.39"
source = "registry+https://github.com/rust-lang/crates.io-index"
checksum = "3748f82c7d366a0b4950257d19db685d4958d2fa27c6d164a3f069fec42b748b"
